
Microsoft Visual Studio Solution File, Format Version 12.00
# Visual Studio Version 16
VisualStudioVersion = 16.0.31410.357
MinimumVisualStudioVersion = 10.0.40219.1
Project("{FAE04EC0-301F-11D3-BF4B-00C04F79EFBC}") = "ByteBank.SistemaAgencia", "ByteBank.SistemaAgencia\ByteBank.SistemaAgencia.csproj", "{0C2F8C95-DD72-423A-A02C-FA498D5D7407}"
EndProject
Project("{FAE04EC0-301F-11D3-BF4B-00C04F79EFBC}") = "ByteBank.Modelos", "ByteBank.Modelos\ByteBank.Modelos.csproj", "{BD7BB33B-C538-455C-9046-6A3D0C848DA3}"
EndProject
Global
	GlobalSection(SolutionConfigurationPlatforms) = preSolution
		Debug|Any CPU = Debug|Any CPU
		Release|Any CPU = Release|Any CPU
	EndGlobalSection
	GlobalSection(ProjectConfigurationPlatforms) = postSolution
		{0C2F8C95-DD72-423A-A02C-FA498D5D7407}.Debug|Any CPU.ActiveCfg = Debug|Any CPU
		{0C2F8C95-DD72-423A-A02C-FA498D5D7407}.Debug|Any CPU.Build.0 = Debug|Any CPU
		{0C2F8C95-DD72-423A-A02C-FA498D5D7407}.Release|Any CPU.ActiveCfg = Release|Any CPU
		{0C2F8C95-DD72-423A-A02C-FA498D5D7407}.Release|Any CPU.Build.0 = Release|Any CPU
		{BD7BB33B-C538-455C-9046-6A3D0C848DA3}.Debug|Any CPU.ActiveCfg = Debug|Any CPU
		{BD7BB33B-C538-455C-9046-6A3D0C848DA3}.Debug|Any CPU.Build.0 = Debug|Any CPU
		{BD7BB33B-C538-455C-9046-6A3D0C848DA3}.Release|Any CPU.ActiveCfg = Release|Any CPU
		{BD7BB33B-C538-455C-9046-6A3D0C848DA3}.Release|Any CPU.Build.0 = Release|Any CPU
	EndGlobalSection
	GlobalSection(SolutionProperties) = preSolution
		HideSolutionNode = FALSE
	EndGlobalSection
	GlobalSection(ExtensibilityGlobals) = postSolution
		SolutionGuid = {8BD5CD34-DB57-49FD-A684-41C29C53EC09}
	EndGlobalSection
EndGlobal
